
Microsoft Visual Studio Solution File, Format Version 12.00
# Visual Studio Version 16
VisualStudioVersion = 16.0.30717.126
MinimumVisualStudioVersion = 10.0.40219.1
Project("{2150E333-8FDC-42A3-9474-1A3956D46DE8}") = "Website", "Website", "{CAA31F02-0E64-4386-B59D-CB31BDDBC207}"
EndProject
Project("{2150E333-8FDC-42A3-9474-1A3956D46DE8}") = "Client_WindowsForm", "Client_WindowsForm", "{CDF25A91-4BAA-4427-9BB7-8AD63FDDE160}"
EndProject
Project("{2150E333-8FDC-42A3-9474-1A3956D46DE8}") = "Proxy", "Proxy", "{24129781-29D5-4E71-9844-AB3C236F7F75}"
EndProject
Project("{FAE04EC0-301F-11D3-BF4B-00C04F79EFBC}") = "SAPConnectionClientProxy", "SAPConnectionClientProxy\SAPConnectionClientProxy.csproj", "{0F95AA1B-5DEE-4672-8BBF-864CA5306BD5}"
EndProject
Project("{2150E333-8FDC-42A3-9474-1A3956D46DE8}") = "Service", "Service", "{BAF1125C-91E0-481A-9022-6E1CEFE4947D}"
EndProject
Project("{2150E333-8FDC-42A3-9474-1A3956D46DE8}") = "Host", "Host", "{A7A64C0D-F14C-4135-A51B-A36445F5D3EA}"
EndProject
Project("{2150E333-8FDC-42A3-9474-1A3956D46DE8}") = "Interface", "Interface", "{B990A8E9-DBA4-4D53-8949-1004897EA453}"
EndProject
Project("{2150E333-8FDC-42A3-9474-1A3956D46DE8}") = "Sap DLL", "Sap DLL", "{3F4331B9-AD26-4C6F-851F-A98998259F7E}"
EndProject
Project("{2150E333-8FDC-42A3-9474-1A3956D46DE8}") = "Mobisys DLL", "Mobisys DLL", "{64FE5BE3-B3CA-4C02-A33F-759A1ADD8699}"
EndProject
Project("{FAE04EC0-301F-11D3-BF4B-00C04F79EFBC}") = "Mobisys_Automation", "Mobisys_Automation\Mobisys_Automation.csproj", "{65F9225F-BED7-4E8F-806F-A075060A9313}"
EndProject
Project("{FAE04EC0-301F-11D3-BF4B-00C04F79EFBC}") = "ISAPConnectionService", "ISAPConnectionService\ISAPConnectionService.csproj", "{F4FEB29B-45A1-405F-BE5C-1631E2A1F2C1}"
EndProject
Project("{FAE04EC0-301F-11D3-BF4B-00C04F79EFBC}") = "SensorDataAccess.Windows.SAPService", "SensorDataAccess.Windows.SAPService\SensorDataAccess.Windows.SAPService.csproj", "{E55CB3B0-14E7-43F5-834E-6F789F01290D}"
EndProject
Project("{F184B08F-C81C-45F6-A57F-5ABD9991F28F}") = "SAP_CONNECTION", "SAP_CONNECTION_MODULE\SAP_CONNECTION_MODULE\SAP_CONNECTION.vbproj", "{E0FAD443-727D-414B-AAEF-FA2D0F36C86A}"
EndProject
Project("{FAE04EC0-301F-11D3-BF4B-00C04F79EFBC}") = "Hierarchy_Client", "Hierarchy_Client\Hierarchy_Client.csproj", "{613D26E1-1734-4A18-8770-02A8BA9FCCB3}"
EndProject
Project("{FAE04EC0-301F-11D3-BF4B-00C04F79EFBC}") = "WcfSAPService", "WcfSAPService\WcfSAPService\WcfSAPService.csproj", "{3EC946FD-7DB1-4E4B-AEDE-3AD2F4DA917A}"
EndProject
Global
	GlobalSection(SolutionConfigurationPlatforms) = preSolution
		Debug|Any CPU = Debug|Any CPU
		Debug|x64 = Debug|x64
		Debug|x86 = Debug|x86
		Release|Any CPU = Release|Any CPU
		Release|x64 = Release|x64
		Release|x86 = Release|x86
	EndGlobalSection
	GlobalSection(ProjectConfigurationPlatforms) = postSolution
		{0F95AA1B-5DEE-4672-8BBF-864CA5306BD5}.Debug|Any CPU.ActiveCfg = Debug|Any CPU
		{0F95AA1B-5DEE-4672-8BBF-864CA5306BD5}.Debug|Any CPU.Build.0 = Debug|Any CPU
		{0F95AA1B-5DEE-4672-8BBF-864CA5306BD5}.Debug|x64.ActiveCfg = Debug|Any CPU
		{0F95AA1B-5DEE-4672-8BBF-864CA5306BD5}.Debug|x64.Build.0 = Debug|Any CPU
		{0F95AA1B-5DEE-4672-8BBF-864CA5306BD5}.Debug|x86.ActiveCfg = Debug|x86
		{0F95AA1B-5DEE-4672-8BBF-864CA5306BD5}.Debug|x86.Build.0 = Debug|x86
		{0F95AA1B-5DEE-4672-8BBF-864CA5306BD5}.Release|Any CPU.ActiveCfg = Release|Any CPU
		{0F95AA1B-5DEE-4672-8BBF-864CA5306BD5}.Release|Any CPU.Build.0 = Release|Any CPU
		{0F95AA1B-5DEE-4672-8BBF-864CA5306BD5}.Release|x64.ActiveCfg = Release|Any CPU
		{0F95AA1B-5DEE-4672-8BBF-864CA5306BD5}.Release|x64.Build.0 = Release|Any CPU
		{0F95AA1B-5DEE-4672-8BBF-864CA5306BD5}.Release|x86.ActiveCfg = Release|x86
		{0F95AA1B-5DEE-4672-8BBF-864CA5306BD5}.Release|x86.Build.0 = Release|x86
		{65F9225F-BED7-4E8F-806F-A075060A9313}.Debug|Any CPU.ActiveCfg = Debug|Any CPU
		{65F9225F-BED7-4E8F-806F-A075060A9313}.Debug|Any CPU.Build.0 = Debug|Any CPU
		{65F9225F-BED7-4E8F-806F-A075060A9313}.Debug|x64.ActiveCfg = Debug|Any CPU
		{65F9225F-BED7-4E8F-806F-A075060A9313}.Debug|x64.Build.0 = Debug|Any CPU
		{65F9225F-BED7-4E8F-806F-A075060A9313}.Debug|x86.ActiveCfg = Debug|Any CPU
		{65F9225F-BED7-4E8F-806F-A075060A9313}.Release|Any CPU.ActiveCfg = Release|Any CPU
		{65F9225F-BED7-4E8F-806F-A075060A9313}.Release|Any CPU.Build.0 = Release|Any CPU
		{65F9225F-BED7-4E8F-806F-A075060A9313}.Release|x64.ActiveCfg = Release|Any CPU
		{65F9225F-BED7-4E8F-806F-A075060A9313}.Release|x64.Build.0 = Release|Any CPU
		{65F9225F-BED7-4E8F-806F-A075060A9313}.Release|x86.ActiveCfg = Release|Any CPU
		{65F9225F-BED7-4E8F-806F-A075060A9313}.Release|x86.Build.0 = Release|Any CPU
		{F4FEB29B-45A1-405F-BE5C-1631E2A1F2C1}.Debug|Any CPU.ActiveCfg = Debug|Any CPU
		{F4FEB29B-45A1-405F-BE5C-1631E2A1F2C1}.Debug|Any CPU.Build.0 = Debug|Any CPU
		{F4FEB29B-45A1-405F-BE5C-1631E2A1F2C1}.Debug|x64.ActiveCfg = Debug|Any CPU
		{F4FEB29B-45A1-405F-BE5C-1631E2A1F2C1}.Debug|x64.Build.0 = Debug|Any CPU
		{F4FEB29B-45A1-405F-BE5C-1631E2A1F2C1}.Debug|x86.ActiveCfg = Debug|x86
		{F4FEB29B-45A1-405F-BE5C-1631E2A1F2C1}.Debug|x86.Build.0 = Debug|x86
		{F4FEB29B-45A1-405F-BE5C-1631E2A1F2C1}.Release|Any CPU.ActiveCfg = Release|Any CPU
		{F4FEB29B-45A1-405F-BE5C-1631E2A1F2C1}.Release|Any CPU.Build.0 = Release|Any CPU
		{F4FEB29B-45A1-405F-BE5C-1631E2A1F2C1}.Release|x64.ActiveCfg = Release|Any CPU
		{F4FEB29B-45A1-405F-BE5C-1631E2A1F2C1}.Release|x64.Build.0 = Release|Any CPU
		{F4FEB29B-45A1-405F-BE5C-1631E2A1F2C1}.Release|x86.ActiveCfg = Release|x86
		{F4FEB29B-45A1-405F-BE5C-1631E2A1F2C1}.Release|x86.Build.0 = Release|x86
		{E55CB3B0-14E7-43F5-834E-6F789F01290D}.Debug|Any CPU.ActiveCfg = Debug|Any CPU
		{E55CB3B0-14E7-43F5-834E-6F789F01290D}.Debug|Any CPU.Build.0 = Debug|Any CPU
		{E55CB3B0-14E7-43F5-834E-6F789F01290D}.Debug|x64.ActiveCfg = Debug|x64
		{E55CB3B0-14E7-43F5-834E-6F789F01290D}.Debug|x64.Build.0 = Debug|x64
		{E55CB3B0-14E7-43F5-834E-6F789F01290D}.Debug|x86.ActiveCfg = Debug|x86
		{E55CB3B0-14E7-43F5-834E-6F789F01290D}.Debug|x86.Build.0 = Debug|x86
		{E55CB3B0-14E7-43F5-834E-6F789F01290D}.Release|Any CPU.ActiveCfg = Release|Any CPU
		{E55CB3B0-14E7-43F5-834E-6F789F01290D}.Release|Any CPU.Build.0 = Release|Any CPU
		{E55CB3B0-14E7-43F5-834E-6F789F01290D}.Release|x64.ActiveCfg = Release|x64
		{E55CB3B0-14E7-43F5-834E-6F789F01290D}.Release|x64.Build.0 = Release|x64
		{E55CB3B0-14E7-43F5-834E-6F789F01290D}.Release|x86.ActiveCfg = Release|x86
		{E55CB3B0-14E7-43F5-834E-6F789F01290D}.Release|x86.Build.0 = Release|x86
		{E0FAD443-727D-414B-AAEF-FA2D0F36C86A}.Debug|Any CPU.ActiveCfg = Debug|Any CPU
		{E0FAD443-727D-414B-AAEF-FA2D0F36C86A}.Debug|Any CPU.Build.0 = Debug|Any CPU
		{E0FAD443-727D-414B-AAEF-FA2D0F36C86A}.Debug|x64.ActiveCfg = Debug|Any CPU
		{E0FAD443-727D-414B-AAEF-FA2D0F36C86A}.Debug|x64.Build.0 = Debug|Any CPU
		{E0FAD443-727D-414B-AAEF-FA2D0F36C86A}.Debug|x86.ActiveCfg = Debug|x86
		{E0FAD443-727D-414B-AAEF-FA2D0F36C86A}.Debug|x86.Build.0 = Debug|x86
		{E0FAD443-727D-414B-AAEF-FA2D0F36C86A}.Release|Any CPU.ActiveCfg = Release|Any CPU
		{E0FAD443-727D-414B-AAEF-FA2D0F36C86A}.Release|Any CPU.Build.0 = Release|Any CPU
		{E0FAD443-727D-414B-AAEF-FA2D0F36C86A}.Release|x64.ActiveCfg = Release|Any CPU
		{E0FAD443-727D-414B-AAEF-FA2D0F36C86A}.Release|x64.Build.0 = Release|Any CPU
		{E0FAD443-727D-414B-AAEF-FA2D0F36C86A}.Release|x86.ActiveCfg = Release|x86
		{E0FAD443-727D-414B-AAEF-FA2D0F36C86A}.Release|x86.Build.0 = Release|x86
		{613D26E1-1734-4A18-8770-02A8BA9FCCB3}.Debug|Any CPU.ActiveCfg = Debug|Any CPU
		{613D26E1-1734-4A18-8770-02A8BA9FCCB3}.Debug|Any CPU.Build.0 = Debug|Any CPU
		{613D26E1-1734-4A18-8770-02A8BA9FCCB3}.Debug|x64.ActiveCfg = Debug|x64
		{613D26E1-1734-4A18-8770-02A8BA9FCCB3}.Debug|x64.Build.0 = Debug|x64
		{613D26E1-1734-4A18-8770-02A8BA9FCCB3}.Debug|x86.ActiveCfg = Debug|x86
		{613D26E1-1734-4A18-8770-02A8BA9FCCB3}.Debug|x86.Build.0 = Debug|x86
		{613D26E1-1734-4A18-8770-02A8BA9FCCB3}.Release|Any CPU.ActiveCfg = Release|Any CPU
		{613D26E1-1734-4A18-8770-02A8BA9FCCB3}.Release|Any CPU.Build.0 = Release|Any CPU
		{613D26E1-1734-4A18-8770-02A8BA9FCCB3}.Release|x64.ActiveCfg = Release|x64
		{613D26E1-1734-4A18-8770-02A8BA9FCCB3}.Release|x64.Build.0 = Release|x64
		{613D26E1-1734-4A18-8770-02A8BA9FCCB3}.Release|x86.ActiveCfg = Release|x86
		{613D26E1-1734-4A18-8770-02A8BA9FCCB3}.Release|x86.Build.0 = Release|x86
		{3EC946FD-7DB1-4E4B-AEDE-3AD2F4DA917A}.Debug|Any CPU.ActiveCfg = Debug|Any CPU
		{3EC946FD-7DB1-4E4B-AEDE-3AD2F4DA917A}.Debug|Any CPU.Build.0 = Debug|Any CPU
		{3EC946FD-7DB1-4E4B-AEDE-3AD2F4DA917A}.Debug|x64.ActiveCfg = Debug|Any CPU
		{3EC946FD-7DB1-4E4B-AEDE-3AD2F4DA917A}.Debug|x64.Build.0 = Debug|Any CPU
		{3EC946FD-7DB1-4E4B-AEDE-3AD2F4DA917A}.Debug|x86.ActiveCfg = Debug|x86
		{3EC946FD-7DB1-4E4B-AEDE-3AD2F4DA917A}.Debug|x86.Build.0 = Debug|x86
		{3EC946FD-7DB1-4E4B-AEDE-3AD2F4DA917A}.Release|Any CPU.ActiveCfg = Release|Any CPU
		{3EC946FD-7DB1-4E4B-AEDE-3AD2F4DA917A}.Release|Any CPU.Build.0 = Release|Any CPU
		{3EC946FD-7DB1-4E4B-AEDE-3AD2F4DA917A}.Release|x64.ActiveCfg = Release|Any CPU
		{3EC946FD-7DB1-4E4B-AEDE-3AD2F4DA917A}.Release|x64.Build.0 = Release|Any CPU
		{3EC946FD-7DB1-4E4B-AEDE-3AD2F4DA917A}.Release|x86.ActiveCfg = Release|x86
		{3EC946FD-7DB1-4E4B-AEDE-3AD2F4DA917A}.Release|x86.Build.0 = Release|x86
	EndGlobalSection
	GlobalSection(SolutionProperties) = preSolution
		HideSolutionNode = FALSE
	EndGlobalSection
	GlobalSection(NestedProjects) = preSolution
		{0F95AA1B-5DEE-4672-8BBF-864CA5306BD5} = {24129781-29D5-4E71-9844-AB3C236F7F75}
		{65F9225F-BED7-4E8F-806F-A075060A9313} = {64FE5BE3-B3CA-4C02-A33F-759A1ADD8699}
		{F4FEB29B-45A1-405F-BE5C-1631E2A1F2C1} = {B990A8E9-DBA4-4D53-8949-1004897EA453}
		{E55CB3B0-14E7-43F5-834E-6F789F01290D} = {A7A64C0D-F14C-4135-A51B-A36445F5D3EA}
		{E0FAD443-727D-414B-AAEF-FA2D0F36C86A} = {3F4331B9-AD26-4C6F-851F-A98998259F7E}
		{613D26E1-1734-4A18-8770-02A8BA9FCCB3} = {CDF25A91-4BAA-4427-9BB7-8AD63FDDE160}
		{3EC946FD-7DB1-4E4B-AEDE-3AD2F4DA917A} = {BAF1125C-91E0-481A-9022-6E1CEFE4947D}
	EndGlobalSection
	GlobalSection(ExtensibilityGlobals) = postSolution
		VisualSVNWorkingCopyRoot = .
		SolutionGuid = {CF30E5E7-0209-45AD-AB20-97CD4CD871F1}
	EndGlobalSection
EndGlobal
